// !$*UTF8*$!
{
	archiveVersion = 1;
	classes = {
	};
	objectVersion = 50;
	objects = {

/* Begin PBXBuildFile section */
		21B8A24322F7D1F50034F7E2 /* DXVProgressView.m in Sources */ = {isa = PBXBuildFile; fileRef = 21B8A24222F7D1F50034F7E2 /* DXVProgressView.m */; };
		21B8A24722F7DCFC0034F7E2 /* DXVShootingView.m in Sources */ = {isa = PBXBuildFile; fileRef = 21B8A24622F7DCFC0034F7E2 /* DXVShootingView.m */; };
		21B8A24A22F7DE180034F7E2 /* AVFoundation.framework in Frameworks */ = {isa = PBXBuildFile; fileRef = 21B8A24922F7DE180034F7E2 /* AVFoundation.framework */; };
		21B8A24D22F7DE550034F7E2 /* DXVVideoModel.m in Sources */ = {isa = PBXBuildFile; fileRef = 21B8A24C22F7DE550034F7E2 /* DXVVideoModel.m */; };
		21E8DF0122F6CAB3002A5701 /* AppDelegate.m in Sources */ = {isa = PBXBuildFile; fileRef = 21E8DF0022F6CAB3002A5701 /* AppDelegate.m */; };
		21E8DF0422F6CAB3002A5701 /* ViewController.m in Sources */ = {isa = PBXBuildFile; fileRef = 21E8DF0322F6CAB3002A5701 /* ViewController.m */; };
		21E8DF0722F6CAB3002A5701 /* Main.storyboard in Resources */ = {isa = PBXBuildFile; fileRef = 21E8DF0522F6CAB3002A5701 /* Main.storyboard */; };
		21E8DF0922F6CAB4002A5701 /* Assets.xcassets in Resources */ = {isa = PBXBuildFile; fileRef = 21E8DF0822F6CAB4002A5701 /* Assets.xcassets */; };
		21E8DF0C22F6CAB4002A5701 /* LaunchScreen.storyboard in Resources */ = {isa = PBXBuildFile; fileRef = 21E8DF0A22F6CAB4002A5701 /* LaunchScreen.storyboard */; };
		21E8DF0F22F6CAB4002A5701 /* main.m in Sources */ = {isa = PBXBuildFile; fileRef = 21E8DF0E22F6CAB4002A5701 /* main.m */; };
/* End PBXBuildFile section */

/* Begin PBXFileReference section */
		21B8A24122F7D1F50034F7E2 /* DXVProgressView.h */ = {isa = PBXFileReference; lastKnownFileType = sourcecode.c.h; path = DXVProgressView.h; sourceTree = "<group>"; };
		21B8A24222F7D1F50034F7E2 /* DXVProgressView.m */ = {isa = PBXFileReference; lastKnownFileType = sourcecode.c.objc; path = DXVProgressView.m; sourceTree = "<group>"; };
		21B8A24422F7D4B20034F7E2 /* DXVMacro.h */ = {isa = PBXFileReference; lastKnownFileType = sourcecode.c.h; path = DXVMacro.h; sourceTree = "<group>"; };
		21B8A24522F7DCFC0034F7E2 /* DXVShootingView.h */ = {isa = PBXFileReference; lastKnownFileType = sourcecode.c.h; path = DXVShootingView.h; sourceTree = "<group>"; };
		21B8A24622F7DCFC0034F7E2 /* DXVShootingView.m */ = {isa = PBXFileReference; lastKnownFileType = sourcecode.c.objc; path = DXVShootingView.m; sourceTree = "<group>"; };
		21B8A24922F7DE180034F7E2 /* AVFoundation.framework */ = {isa = PBXFileReference; lastKnownFileType = wrapper.framework; name = AVFoundation.framework; path = System/Library/Frameworks/AVFoundation.framework; sourceTree = SDKROOT; };
		21B8A24B22F7DE550034F7E2 /* DXVVideoModel.h */ = {isa = PBXFileReference; lastKnownFileType = sourcecode.c.h; path = DXVVideoModel.h; sourceTree = "<group>"; };
		21B8A24C22F7DE550034F7E2 /* DXVVideoModel.m */ = {isa = PBXFileReference; lastKnownFileType = sourcecode.c.objc; path = DXVVideoModel.m; sourceTree = "<group>"; };
		21E8DEFC22F6CAB3002A5701 /* DXShortVideoKitDemo.app */ = {isa = PBXFileReference; explicitFileType = wrapper.application; includeInIndex = 0; path = DXShortVideoKitDemo.app; sourceTree = BUILT_PRODUCTS_DIR; };
		21E8DEFF22F6CAB3002A5701 /* AppDelegate.h */ = {isa = PBXFileReference; lastKnownFileType = sourcecode.c.h; path = AppDelegate.h; sourceTree = "<group>"; };
		21E8DF0022F6CAB3002A5701 /* AppDelegate.m */ = {isa = PBXFileReference; lastKnownFileType = sourcecode.c.objc; path = AppDelegate.m; sourceTree = "<group>"; };
		21E8DF0222F6CAB3002A5701 /* ViewController.h */ = {isa = PBXFileReference; lastKnownFileType = sourcecode.c.h; path = ViewController.h; sourceTree = "<group>"; };
		21E8DF0322F6CAB3002A5701 /* ViewController.m */ = {isa = PBXFileReference; lastKnownFileType = sourcecode.c.objc; path = ViewController.m; sourceTree = "<group>"; };
		21E8DF0622F6CAB3002A5701 /* Base */ = {isa = PBXFileReference; lastKnownFileType = file.storyboard; name = Base; path = Base.lproj/Main.storyboard; sourceTree = "<group>"; };
		21E8DF0822F6CAB4002A5701 /* Assets.xcassets */ = {isa = PBXFileReference; lastKnownFileType = folder.assetcatalog; path = Assets.xcassets; sourceTree = "<group>"; };
		21E8DF0B22F6CAB4002A5701 /* Base */ = {isa = PBXFileReference; lastKnownFileType = file.storyboard; name = Base; path = Base.lproj/LaunchScreen.storyboard; sourceTree = "<group>"; };
		21E8DF0D22F6CAB4002A5701 /* Info.plist */ = {isa = PBXFileReference; lastKnownFileType = text.plist.xml; path = Info.plist; sourceTree = "<group>"; };
		21E8DF0E22F6CAB4002A5701 /* main.m */ = {isa = PBXFileReference; lastKnownFileType = sourcecode.c.objc; path = main.m; sourceTree = "<group>"; };
/* End PBXFileReference section */

/* Begin PBXFrameworksBuildPhase section */
		21E8DEF922F6CAB3002A5701 /* Frameworks */ = {
			isa = PBXFrameworksBuildPhase;
			buildActionMask = 2147483647;
			files = (
				21B8A24A22F7DE180034F7E2 /* AVFoundation.framework in Frameworks */,
			);
			runOnlyForDeploymentPostprocessing = 0;
		};
/* End PBXFrameworksBuildPhase section */

/* Begin PBXGroup section */
		21B8A24022F7D1E60034F7E2 /* DXVProgressView */ = {
			isa = PBXGroup;
			children = (
				21B8A24122F7D1F50034F7E2 /* DXVProgressView.h */,
				21B8A24222F7D1F50034F7E2 /* DXVProgressView.m */,
			);
			path = DXVProgressView;
			sourceTree = "<group>";
		};
		21B8A24822F7DE180034F7E2 /* Frameworks */ = {
			isa = PBXGroup;
			children = (
				21B8A24922F7DE180034F7E2 /* AVFoundation.framework */,
			);
			name = Frameworks;
			sourceTree = "<group>";
		};
		21E8DEF322F6CAB3002A5701 = {
			isa = PBXGroup;
			children = (
				21E8DEFE22F6CAB3002A5701 /* DXShortVideoKitDemo */,
				21E8DEFD22F6CAB3002A5701 /* Products */,
				21B8A24822F7DE180034F7E2 /* Frameworks */,
			);
			sourceTree = "<group>";
		};
		21E8DEFD22F6CAB3002A5701 /* Products */ = {
			isa = PBXGroup;
			children = (
				21E8DEFC22F6CAB3002A5701 /* DXShortVideoKitDemo.app */,
			);
			name = Products;
			sourceTree = "<group>";
		};
		21E8DEFE22F6CAB3002A5701 /* DXShortVideoKitDemo */ = {
			isa = PBXGroup;
			children = (
				21B8A24B22F7DE550034F7E2 /* DXVVideoModel.h */,
				21B8A24C22F7DE550034F7E2 /* DXVVideoModel.m */,
				21B8A24522F7DCFC0034F7E2 /* DXVShootingView.h */,
				21B8A24622F7DCFC0034F7E2 /* DXVShootingView.m */,
				21B8A24022F7D1E60034F7E2 /* DXVProgressView */,
				21E8DEFF22F6CAB3002A5701 /* AppDelegate.h */,
				21E8DF0022F6CAB3002A5701 /* AppDelegate.m */,
				21E8DF0222F6CAB3002A5701 /* ViewController.h */,
				21E8DF0322F6CAB3002A5701 /* ViewController.m */,
				21B8A24422F7D4B20034F7E2 /* DXVMacro.h */,
				21E8DF0522F6CAB3002A5701 /* Main.storyboard */,
				21E8DF0822F6CAB4002A5701 /* Assets.xcassets */,
				21E8DF0A22F6CAB4002A5701 /* LaunchScreen.storyboard */,
				21E8DF0D22F6CAB4002A5701 /* Info.plist */,
				21E8DF0E22F6CAB4002A5701 /* main.m */,
			);
			path = DXShortVideoKitDemo;
			sourceTree = "<group>";
		};
/* End PBXGroup section */

/* Begin PBXNativeTarget section */
		21E8DEFB22F6CAB3002A5701 /* DXShortVideoKitDemo */ = {
			isa = PBXNativeTarget;
			buildConfigurationList = 21E8DF1222F6CAB4002A5701 /* Build configuration list for PBXNativeTarget "DXShortVideoKitDemo" */;
			buildPhases = (
				21E8DEF822F6CAB3002A5701 /* Sources */,
				21E8DEF922F6CAB3002A5701 /* Frameworks */,
				21E8DEFA22F6CAB3002A5701 /* Resources */,
			);
			buildRules = (
			);
			dependencies = (
			);
			name = DXShortVideoKitDemo;
			productName = DXShortVideoKitDemo;
			productReference = 21E8DEFC22F6CAB3002A5701 /* DXShortVideoKitDemo.app */;
			productType = "com.apple.product-type.application";
		};
/* End PBXNativeTarget section */

/* Begin PBXProject section */
		21E8DEF422F6CAB3002A5701 /* Project object */ = {
			isa = PBXProject;
			attributes = {
				LastUpgradeCheck = 1020;
				ORGANIZATIONNAME = hudingfeng;
				TargetAttributes = {
					21E8DEFB22F6CAB3002A5701 = {
						CreatedOnToolsVersion = 10.2.1;
					};
				};
			};
			buildConfigurationList = 21E8DEF722F6CAB3002A5701 /* Build configuration list for PBXProject "DXShortVideoKitDemo" */;
			compatibilityVersion = "Xcode 9.3";
			developmentRegion = en;
			hasScannedForEncodings = 0;
			knownRegions = (
				en,
				Base,
			);
			mainGroup = 21E8DEF322F6CAB3002A5701;
			productRefGroup = 21E8DEFD22F6CAB3002A5701 /* Products */;
			projectDirPath = "";
			projectRoot = "";
			targets = (
				21E8DEFB22F6CAB3002A5701 /* DXShortVideoKitDemo */,
			);
		};
/* End PBXProject section */

/* Begin PBXResourcesBuildPhase section */
		21E8DEFA22F6CAB3002A5701 /* Resources */ = {
			isa = PBXResourcesBuildPhase;
			buildActionMask = 2147483647;
			files = (
				21E8DF0C22F6CAB4002A5701 /* LaunchScreen.storyboard in Resources */,
				21E8DF0922F6CAB4002A5701 /* Assets.xcassets in Resources */,
				21E8DF0722F6CAB3002A5701 /* Main.storyboard in Resources */,
			);
			runOnlyForDeploymentPostprocessing = 0;
		};
/* End PBXResourcesBuildPhase section */

/* Begin PBXSourcesBuildPhase section */
		21E8DEF822F6CAB3002A5701 /* Sources */ = {
			isa = PBXSourcesBuildPhase;
			buildActionMask = 2147483647;
			files = (
				21E8DF0422F6CAB3002A5701 /* ViewController.m in Sources */,
				21B8A24722F7DCFC0034F7E2 /* DXVShootingView.m in Sources */,
				21B8A24D22F7DE550034F7E2 /* DXVVideoModel.m in Sources */,
				21E8DF0F22F6CAB4002A5701 /* main.m in Sources */,
				21B8A24322F7D1F50034F7E2 /* DXVProgressView.m in Sources */,
				21E8DF0122F6CAB3002A5701 /* AppDelegate.m in Sources */,
			);
			runOnlyForDeploymentPostprocessing = 0;
		};
/* End PBXSourcesBuildPhase section */

/* Begin PBXVariantGroup section */
		21E8DF0522F6CAB3002A5701 /* Main.storyboard */ = {
			isa = PBXVariantGroup;
			children = (
				21E8DF0622F6CAB3002A5701 /* Base */,
			);
			name = Main.storyboard;
			sourceTree = "<group>";
		};
		21E8DF0A22F6CAB4002A5701 /* LaunchScreen.storyboard */ = {
			isa = PBXVariantGroup;
			children = (
				21E8DF0B22F6CAB4002A5701 /* Base */,
			);
			name = LaunchScreen.storyboard;
			sourceTree = "<group>";
		};
/* End PBXVariantGroup section */

/* Begin XCBuildConfiguration section */
		21E8DF1022F6CAB4002A5701 /* Debug */ = {
			isa = XCBuildConfiguration;
			buildSettings = {
				ALWAYS_SEARCH_USER_PATHS = NO;
				CLANG_ANALYZER_NONNULL = YES;
				CLANG_ANALYZER_NUMBER_OBJECT_CONVERSION = YES_AGGRESSIVE;
				CLANG_CXX_LANGUAGE_STANDARD = "gnu++14";
				CLANG_CXX_LIBRARY = "libc++";
				CLANG_ENABLE_MODULES = YES;
				CLANG_ENABLE_OBJC_ARC = YES;
				CLANG_ENABLE_OBJC_WEAK = YES;
				CLANG_WARN_BLOCK_CAPTURE_AUTORELEASING = YES;
				CLANG_WARN_BOOL_CONVERSION = YES;
				CLANG_WARN_COMMA = YES;
				CLANG_WARN_CONSTANT_CONVERSION = YES;
				CLANG_WARN_DEPRECATED_OBJC_IMPLEMENTATIONS = YES;
				CLANG_WARN_DIRECT_OBJC_ISA_USAGE = YES_ERROR;
				CLANG_WARN_DOCUMENTATION_COMMENTS = YES;
				CLANG_WARN_EMPTY_BODY = YES;
				CLANG_WARN_ENUM_CONVERSION = YES;
				CLANG_WARN_INFINITE_RECURSION = YES;
				CLANG_WARN_INT_CONVERSION = YES;
				CLANG_WARN_NON_LITERAL_NULL_CONVERSION = YES;
				CLANG_WARN_OBJC_IMPLICIT_RETAIN_SELF = YES;
				CLANG_WARN_OBJC_LITERAL_CONVERSION = YES;
				CLANG_WARN_OBJC_ROOT_CLASS = YES_ERROR;
				CLANG_WARN_RANGE_LOOP_ANALYSIS = YES;
				CLANG_WARN_STRICT_PROTOTYPES = YES;
				CLANG_WARN_SUSPICIOUS_MOVE = YES;
				CLANG_WARN_UNGUARDED_AVAILABILITY = YES_AGGRESSIVE;
				CLANG_WARN_UNREACHABLE_CODE = YES;
				CLANG_WARN__DUPLICATE_METHOD_MATCH = YES;
				CODE_SIGN_IDENTITY = "iPhone Developer";
				COPY_PHASE_STRIP = NO;
				DEBUG_INFORMATION_FORMAT = dwarf;
				ENABLE_STRICT_OBJC_MSGSEND = YES;
				ENABLE_TESTABILITY = YES;
				GCC_C_LANGUAGE_STANDARD = gnu11;
				GCC_DYNAMIC_NO_PIC = NO;
				GCC_NO_COMMON_BLOCKS = YES;
				GCC_OPTIMIZATION_LEVEL = 0;
				GCC_PREPROCESSOR_DEFINITIONS = (
					"DEBUG=1",
					"$(inherited)",
				);
				GCC_WARN_64_TO_32_BIT_CONVERSION = YES;
				GCC_WARN_ABOUT_RETURN_TYPE = YES_ERROR;
				GCC_WARN_UNDECLARED_SELECTOR = YES;
				GCC_WARN_UNINITIALIZED_AUTOS = YES_AGGRESSIVE;
				GCC_WARN_UNUSED_FUNCTION = YES;
				GCC_WARN_UNUSED_VARIABLE = YES;
				IPHONEOS_DEPLOYMENT_TARGET = 12.2;
				MTL_ENABLE_DEBUG_INFO = INCLUDE_SOURCE;
				MTL_FAST_MATH = YES;
				ONLY_ACTIVE_ARCH = YES;
				SDKROOT = iphoneos;
			};
			name = Debug;
		};
		21E8DF1122F6CAB4002A5701 /* Release */ = {
			isa = XCBuildConfiguration;
			buildSettings = {
				ALWAYS_SEARCH_USER_PATHS = NO;
				CLANG_ANALYZER_NONNULL = YES;
				CLANG_ANALYZER_NUMBER_OBJECT_CONVERSION = YES_AGGRESSIVE;
				CLANG_CXX_LANGUAGE_STANDARD = "gnu++14";
				CLANG_CXX_LIBRARY = "libc++";
				CLANG_ENABLE_MODULES = YES;
				CLANG_ENABLE_OBJC_ARC = YES;
				CLANG_ENABLE_OBJC_WEAK = YES;
				CLANG_WARN_BLOCK_CAPTURE_AUTORELEASING = YES;
				CLANG_WARN_BOOL_CONVERSION = YES;
				CLANG_WARN_COMMA = YES;
				CLANG_WARN_CONSTANT_CONVERSION = YES;
				CLANG_WARN_DEPRECATED_OBJC_IMPLEMENTATIONS = YES;
				CLANG_WARN_DIRECT_OBJC_ISA_USAGE = YES_ERROR;
				CLANG_WARN_DOCUMENTATION_COMMENTS = YES;
				CLANG_WARN_EMPTY_BODY = YES;
				CLANG_WARN_ENUM_CONVERSION = YES;
				CLANG_WARN_INFINITE_RECURSION = YES;
				CLANG_WARN_INT_CONVERSION = YES;
				CLANG_WARN_NON_LITERAL_NULL_CONVERSION = YES;
				CLANG_WARN_OBJC_IMPLICIT_RETAIN_SELF = YES;
				CLANG_WARN_OBJC_LITERAL_CONVERSION = YES;
				CLANG_WARN_OBJC_ROOT_CLASS = YES_ERROR;
				CLANG_WARN_RANGE_LOOP_ANALYSIS = YES;
				CLANG_WARN_STRICT_PROTOTYPES = YES;
				CLANG_WARN_SUSPICIOUS_MOVE = YES;
				CLANG_WARN_UNGUARDED_AVAILABILITY = YES_AGGRESSIVE;
				CLANG_WARN_UNREACHABLE_CODE = YES;
				CLANG_WARN__DUPLICATE_METHOD_MATCH = YES;
				CODE_SIGN_IDENTITY = "iPhone Developer";
				COPY_PHASE_STRIP = NO;
				DEBUG_INFORMATION_FORMAT = "dwarf-with-dsym";
				ENABLE_NS_ASSERTIONS = NO;
				ENABLE_STRICT_OBJC_MSGSEND = YES;
				GCC_C_LANGUAGE_STANDARD = gnu11;
				GCC_NO_COMMON_BLOCKS = YES;
				GCC_WARN_64_TO_32_BIT_CONVERSION = YES;
				GCC_WARN_ABOUT_RETURN_TYPE = YES_ERROR;
				GCC_WARN_UNDECLARED_SELECTOR = YES;
				GCC_WARN_UNINITIALIZED_AUTOS = YES_AGGRESSIVE;
				GCC_WARN_UNUSED_FUNCTION = YES;
				GCC_WARN_UNUSED_VARIABLE = YES;
				IPHONEOS_DEPLOYMENT_TARGET = 12.2;
				MTL_ENABLE_DEBUG_INFO = NO;
				MTL_FAST_MATH = YES;
				SDKROOT = iphoneos;
				VALIDATE_PRODUCT = YES;
			};
			name = Release;
		};
		21E8DF1322F6CAB4002A5701 /* Debug */ = {
			isa = XCBuildConfiguration;
			buildSettings = {
				ASSETCATALOG_COMPILER_APPICON_NAME = AppIcon;
				CODE_SIGN_STYLE = Automatic;
				DEVELOPMENT_TEAM = DBC7B2NB3A;
				INFOPLIST_FILE = DXShortVideoKitDemo/Info.plist;
				LD_RUNPATH_SEARCH_PATHS = (
					"$(inherited)",
					"@executable_path/Frameworks",
				);
				PRODUCT_BUNDLE_IDENTIFIER = com.dxrm.ijiyuan;
				PRODUCT_NAME = "$(TARGET_NAME)";
				TARGETED_DEVICE_FAMILY = "1,2";
			};
			name = Debug;
		};
		21E8DF1422F6CAB4002A5701 /* Release */ = {
			isa = XCBuildConfiguration;
			buildSettings = {
				ASSETCATALOG_COMPILER_APPICON_NAME = AppIcon;
				CODE_SIGN_STYLE = Automatic;
				DEVELOPMENT_TEAM = DBC7B2NB3A;
				INFOPLIST_FILE = DXShortVideoKitDemo/Info.plist;
				LD_RUNPATH_SEARCH_PATHS = (
					"$(inherited)",
					"@executable_path/Frameworks",
				);
				PRODUCT_BUNDLE_IDENTIFIER = com.dxrm.ijiyuan;
				PRODUCT_NAME = "$(TARGET_NAME)";
				TARGETED_DEVICE_FAMILY = "1,2";
			};
			name = Release;
		};
/* End XCBuildConfiguration section */

/* Begin XCConfigurationList section */
		21E8DEF722F6CAB3002A5701 /* Build configuration list for PBXProject "DXShortVideoKitDemo" */ = {
			isa = XCConfigurationList;
			buildConfigurations = (
				21E8DF1022F6CAB4002A5701 /* Debug */,
				21E8DF1122F6CAB4002A5701 /* Release */,
			);
			defaultConfigurationIsVisible = 0;
			defaultConfigurationName = Release;
		};
		21E8DF1222F6CAB4002A5701 /* Build configuration list for PBXNativeTarget "DXShortVideoKitDemo" */ = {
			isa = XCConfigurationList;
			buildConfigurations = (
				21E8DF1322F6CAB4002A5701 /* Debug */,
				21E8DF1422F6CAB4002A5701 /* Release */,
			);
			defaultConfigurationIsVisible = 0;
			defaultConfigurationName = Release;
		};
/* End XCConfigurationList section */
	};
	rootObject = 21E8DEF422F6CAB3002A5701 /* Project object */;
}
